
Microsoft Visual Studio Solution File, Format Version 12.00
Project("{FAE04EC0-301F-11D3-BF4B-00C04F79EFBC}") = "Multibanking.API", "Multibanking.API\Multibanking.API.csproj", "{CF4ECCC9-5D5D-48D0-9ED8-D6D99FAC30F3}"
EndProject
Project("{FAE04EC0-301F-11D3-BF4B-00C04F79EFBC}") = "Multibanking.Contracts", "Multibanking.Contracts\Multibanking.Contracts.csproj", "{6A0CCBF4-6059-487A-926E-4F17AB9328DA}"
EndProject
Project("{FAE04EC0-301F-11D3-BF4B-00C04F79EFBC}") = "Multibanking.Entities", "Multibanking.Entities\Multibanking.Entities.csproj", "{09A29366-1ADC-4FA3-AAA0-833604A34F78}"
EndProject
Project("{FAE04EC0-301F-11D3-BF4B-00C04F79EFBC}") = "Multibanking.Data", "Multibanking.Data\Multibanking.Data.csproj", "{543834B7-949D-44B4-983C-CDE6520ABBE2}"
EndProject
Project("{FAE04EC0-301F-11D3-BF4B-00C04F79EFBC}") = "Multibanking.Services", "Multibanking.Services\Multibanking.Services.csproj", "{ADE60351-D331-4CB0-BA95-D6CC6F3A16B6}"
EndProject
Project("{FAE04EC0-301F-11D3-BF4B-00C04F79EFBC}") = "Multibanking.Infrustructure", "Multibanking.Infrustructure\Multibanking.Infrustructure.csproj", "{5A264647-5F97-4ACE-A2F2-42021CB9EE14}"
EndProject
Project("{FAE04EC0-301F-11D3-BF4B-00C04F79EFBC}") = "Multibanking.AccountClient", "Multibanking.AccountClient\Multibanking.AccountClient.csproj", "{C2AAD43A-6B1D-4B95-8F8A-ACCC2CA0DBCE}"
EndProject
Project("{2150E333-8FDC-42A3-9474-1A3956D46DE8}") = "Multibanking.Devops", "Multibanking.Devops", "{099A1A21-EEA9-4C60-9606-A9265B93327B}"
EndProject
Project("{FAE04EC0-301F-11D3-BF4B-00C04F79EFBC}") = "Multibanking.CardEmissionClient", "Multibanking.CardEmissionClient\Multibanking.CardEmissionClient.csproj", "{7BF7A279-838C-4E99-94F7-FF534B8EE15D}"
EndProject
Project("{FAE04EC0-301F-11D3-BF4B-00C04F79EFBC}") = "Multibanking.CardOperationClient", "Multibanking.CardOperationClient\Multibanking.CardOperationClient.csproj", "{24FBC621-7E8F-4053-9F4D-64EBE3897960}"
EndProject
Project("{FAE04EC0-301F-11D3-BF4B-00C04F79EFBC}") = "Multibanking.CardInformationClient", "Multibanking.CardInformationClient\Multibanking.CardInformationClient.csproj", "{F789EEA6-6154-4D72-B820-A1607AA76FE1}"
EndProject
Project("{FAE04EC0-301F-11D3-BF4B-00C04F79EFBC}") = "Multibanking.ServiceClient", "Multibanking.ServiceClient\Multibanking.ServiceClient.csproj", "{1D587658-6080-4099-AE86-66432D07A9C4}"
EndProject
Project("{FAE04EC0-301F-11D3-BF4B-00C04F79EFBC}") = "Multibanking.UnidentifiedPaymentClient", "Multibanking.UnidentifiedPaymentClient\Multibanking.UnidentifiedPaymentClient.csproj", "{522F3411-3AE1-42DC-8325-DC1F305E11C8}"
EndProject
Project("{FAE04EC0-301F-11D3-BF4B-00C04F79EFBC}") = "Multibanking.UniversalPaymentClient", "Multibanking.UniversalPaymentClient\Multibanking.UniversalPaymentClient.csproj", "{C2DB23F9-7C16-4E04-AD1F-7D0AF93518BF}"
EndProject
Project("{FAE04EC0-301F-11D3-BF4B-00C04F79EFBC}") = "Multibanking.PeriodPaymentClient", "Multibanking.PeriodPaymentClient\Multibanking.PeriodPaymentClient.csproj", "{B8C3D546-CE83-4765-B070-01713BFD3BFF}"
EndProject
Project("{FAE04EC0-301F-11D3-BF4B-00C04F79EFBC}") = "Multibanking.BonusPointClient", "Multibanking.BonusPointClient\Multibanking.BonusPointClient.csproj", "{D94893D2-4B32-4122-8123-688793AC6559}"
EndProject
Project("{FAE04EC0-301F-11D3-BF4B-00C04F79EFBC}") = "Multibanking.GuaranteeClient", "Multibanking.GuaranteeClient\Multibanking.GuaranteeClient.csproj", "{F2893314-EE3B-4739-81DA-5BC46B6E13C7}"
EndProject
Global
	GlobalSection(SolutionConfigurationPlatforms) = preSolution
		Debug|Any CPU = Debug|Any CPU
		Release|Any CPU = Release|Any CPU
	EndGlobalSection
	GlobalSection(ProjectConfigurationPlatforms) = postSolution
		{CF4ECCC9-5D5D-48D0-9ED8-D6D99FAC30F3}.Debug|Any CPU.ActiveCfg = Debug|Any CPU
		{CF4ECCC9-5D5D-48D0-9ED8-D6D99FAC30F3}.Debug|Any CPU.Build.0 = Debug|Any CPU
		{CF4ECCC9-5D5D-48D0-9ED8-D6D99FAC30F3}.Release|Any CPU.ActiveCfg = Release|Any CPU
		{CF4ECCC9-5D5D-48D0-9ED8-D6D99FAC30F3}.Release|Any CPU.Build.0 = Release|Any CPU
		{6A0CCBF4-6059-487A-926E-4F17AB9328DA}.Debug|Any CPU.ActiveCfg = Debug|Any CPU
		{6A0CCBF4-6059-487A-926E-4F17AB9328DA}.Debug|Any CPU.Build.0 = Debug|Any CPU
		{6A0CCBF4-6059-487A-926E-4F17AB9328DA}.Release|Any CPU.ActiveCfg = Release|Any CPU
		{6A0CCBF4-6059-487A-926E-4F17AB9328DA}.Release|Any CPU.Build.0 = Release|Any CPU
		{09A29366-1ADC-4FA3-AAA0-833604A34F78}.Debug|Any CPU.ActiveCfg = Debug|Any CPU
		{09A29366-1ADC-4FA3-AAA0-833604A34F78}.Debug|Any CPU.Build.0 = Debug|Any CPU
		{09A29366-1ADC-4FA3-AAA0-833604A34F78}.Release|Any CPU.ActiveCfg = Release|Any CPU
		{09A29366-1ADC-4FA3-AAA0-833604A34F78}.Release|Any CPU.Build.0 = Release|Any CPU
		{543834B7-949D-44B4-983C-CDE6520ABBE2}.Debug|Any CPU.ActiveCfg = Debug|Any CPU
		{543834B7-949D-44B4-983C-CDE6520ABBE2}.Debug|Any CPU.Build.0 = Debug|Any CPU
		{543834B7-949D-44B4-983C-CDE6520ABBE2}.Release|Any CPU.ActiveCfg = Release|Any CPU
		{543834B7-949D-44B4-983C-CDE6520ABBE2}.Release|Any CPU.Build.0 = Release|Any CPU
		{ADE60351-D331-4CB0-BA95-D6CC6F3A16B6}.Debug|Any CPU.ActiveCfg = Debug|Any CPU
		{ADE60351-D331-4CB0-BA95-D6CC6F3A16B6}.Debug|Any CPU.Build.0 = Debug|Any CPU
		{ADE60351-D331-4CB0-BA95-D6CC6F3A16B6}.Release|Any CPU.ActiveCfg = Release|Any CPU
		{ADE60351-D331-4CB0-BA95-D6CC6F3A16B6}.Release|Any CPU.Build.0 = Release|Any CPU
		{5A264647-5F97-4ACE-A2F2-42021CB9EE14}.Debug|Any CPU.ActiveCfg = Debug|Any CPU
		{5A264647-5F97-4ACE-A2F2-42021CB9EE14}.Debug|Any CPU.Build.0 = Debug|Any CPU
		{5A264647-5F97-4ACE-A2F2-42021CB9EE14}.Release|Any CPU.ActiveCfg = Release|Any CPU
		{5A264647-5F97-4ACE-A2F2-42021CB9EE14}.Release|Any CPU.Build.0 = Release|Any CPU
		{C2AAD43A-6B1D-4B95-8F8A-ACCC2CA0DBCE}.Debug|Any CPU.ActiveCfg = Debug|Any CPU
		{C2AAD43A-6B1D-4B95-8F8A-ACCC2CA0DBCE}.Debug|Any CPU.Build.0 = Debug|Any CPU
		{C2AAD43A-6B1D-4B95-8F8A-ACCC2CA0DBCE}.Release|Any CPU.ActiveCfg = Release|Any CPU
		{C2AAD43A-6B1D-4B95-8F8A-ACCC2CA0DBCE}.Release|Any CPU.Build.0 = Release|Any CPU
		{7BF7A279-838C-4E99-94F7-FF534B8EE15D}.Debug|Any CPU.ActiveCfg = Debug|Any CPU
		{7BF7A279-838C-4E99-94F7-FF534B8EE15D}.Debug|Any CPU.Build.0 = Debug|Any CPU
		{7BF7A279-838C-4E99-94F7-FF534B8EE15D}.Release|Any CPU.ActiveCfg = Release|Any CPU
		{7BF7A279-838C-4E99-94F7-FF534B8EE15D}.Release|Any CPU.Build.0 = Release|Any CPU
		{24FBC621-7E8F-4053-9F4D-64EBE3897960}.Debug|Any CPU.ActiveCfg = Debug|Any CPU
		{24FBC621-7E8F-4053-9F4D-64EBE3897960}.Debug|Any CPU.Build.0 = Debug|Any CPU
		{24FBC621-7E8F-4053-9F4D-64EBE3897960}.Release|Any CPU.ActiveCfg = Release|Any CPU
		{24FBC621-7E8F-4053-9F4D-64EBE3897960}.Release|Any CPU.Build.0 = Release|Any CPU
		{F789EEA6-6154-4D72-B820-A1607AA76FE1}.Debug|Any CPU.ActiveCfg = Debug|Any CPU
		{F789EEA6-6154-4D72-B820-A1607AA76FE1}.Debug|Any CPU.Build.0 = Debug|Any CPU
		{F789EEA6-6154-4D72-B820-A1607AA76FE1}.Release|Any CPU.ActiveCfg = Release|Any CPU
		{F789EEA6-6154-4D72-B820-A1607AA76FE1}.Release|Any CPU.Build.0 = Release|Any CPU
		{1D587658-6080-4099-AE86-66432D07A9C4}.Debug|Any CPU.ActiveCfg = Debug|Any CPU
		{1D587658-6080-4099-AE86-66432D07A9C4}.Debug|Any CPU.Build.0 = Debug|Any CPU
		{1D587658-6080-4099-AE86-66432D07A9C4}.Release|Any CPU.ActiveCfg = Release|Any CPU
		{1D587658-6080-4099-AE86-66432D07A9C4}.Release|Any CPU.Build.0 = Release|Any CPU
		{522F3411-3AE1-42DC-8325-DC1F305E11C8}.Debug|Any CPU.ActiveCfg = Debug|Any CPU
		{522F3411-3AE1-42DC-8325-DC1F305E11C8}.Debug|Any CPU.Build.0 = Debug|Any CPU
		{522F3411-3AE1-42DC-8325-DC1F305E11C8}.Release|Any CPU.ActiveCfg = Release|Any CPU
		{522F3411-3AE1-42DC-8325-DC1F305E11C8}.Release|Any CPU.Build.0 = Release|Any CPU
		{C2DB23F9-7C16-4E04-AD1F-7D0AF93518BF}.Debug|Any CPU.ActiveCfg = Debug|Any CPU
		{C2DB23F9-7C16-4E04-AD1F-7D0AF93518BF}.Debug|Any CPU.Build.0 = Debug|Any CPU
		{C2DB23F9-7C16-4E04-AD1F-7D0AF93518BF}.Release|Any CPU.ActiveCfg = Release|Any CPU
		{C2DB23F9-7C16-4E04-AD1F-7D0AF93518BF}.Release|Any CPU.Build.0 = Release|Any CPU
		{B8C3D546-CE83-4765-B070-01713BFD3BFF}.Debug|Any CPU.ActiveCfg = Debug|Any CPU
		{B8C3D546-CE83-4765-B070-01713BFD3BFF}.Debug|Any CPU.Build.0 = Debug|Any CPU
		{B8C3D546-CE83-4765-B070-01713BFD3BFF}.Release|Any CPU.ActiveCfg = Release|Any CPU
		{B8C3D546-CE83-4765-B070-01713BFD3BFF}.Release|Any CPU.Build.0 = Release|Any CPU
		{D94893D2-4B32-4122-8123-688793AC6559}.Debug|Any CPU.ActiveCfg = Debug|Any CPU
		{D94893D2-4B32-4122-8123-688793AC6559}.Debug|Any CPU.Build.0 = Debug|Any CPU
		{D94893D2-4B32-4122-8123-688793AC6559}.Release|Any CPU.ActiveCfg = Release|Any CPU
		{D94893D2-4B32-4122-8123-688793AC6559}.Release|Any CPU.Build.0 = Release|Any CPU
		{F2893314-EE3B-4739-81DA-5BC46B6E13C7}.Debug|Any CPU.ActiveCfg = Debug|Any CPU
		{F2893314-EE3B-4739-81DA-5BC46B6E13C7}.Debug|Any CPU.Build.0 = Debug|Any CPU
		{F2893314-EE3B-4739-81DA-5BC46B6E13C7}.Release|Any CPU.ActiveCfg = Release|Any CPU
		{F2893314-EE3B-4739-81DA-5BC46B6E13C7}.Release|Any CPU.Build.0 = Release|Any CPU
	EndGlobalSection
EndGlobal
